github.com/aws/aws-sdk-go-v2 v1.36.5 h1:0OF9RiEMEdDdZEMqF9MRjevyxAQcf6gY+E7vwBILFj0=
github.com/aws/aws-sdk-go-v2 v1.36.5/go.mod h1:EYrzvCCN9CMUTa5+6lf6MM4tq3Zjp8UhSGR/cBsjai0=
github.com/aws/aws-sdk-go-v2/aws/protocol/eventstream v1.6.11 h1:12SpdwU8Djs+YGklkinSSlcrPyj3H4VifVsKf78KbwA=
github.com/aws/aws-sdk-go-v2/aws/protocol/eventstream v1.6.11/go.mod h1:dd+Lkp6YmMryke+qxW/VnKyhMBDTYP41Q2Bb+6gNZgY=
github.com/aws/aws-sdk-go-v2/internal/configsources v1.3.36 h1:SsytQyTMHMDPspp+spo7XwXTP44aJZZAC7fBV2C5+5s=
github.com/aws/aws-sdk-go-v2/internal/configsources v1.3.36/go.mod h1:Q1lnJArKRXkenyog6+Y+zr7WDpk4e6XlR6gs20bbeNo=
github.com/aws/aws-sdk-go-v2/internal/endpoints/v2 v2.6.36 h1:i2vNHQiXUvKhs3quBR6aqlgJaiaexz/aNvdCktW/kAM=
github.com/aws/aws-sdk-go-v2/internal/endpoints/v2 v2.6.36/go.mod h1:UdyGa7Q91id/sdyHPwth+043HhmP6yP9MBHgbZM0xo8=
github.com/aws/aws-sdk-go-v2/internal/v4a v1.3.36 h1:GMYy2EOWfzdP3wfVAGXBNKY5vK4K8vMET4sYOYltmqs=
github.com/aws/aws-sdk-go-v2/internal/v4a v1.3.36/go.mod h1:gDhdAV6wL3PmPqBhiPbnlS447GoWs8HTTOYef9/9Inw=
github.com/aws/aws-sdk-go-v2/service/internal/accept-encoding v1.12.4 h1:CXV68E2dNqhuynZJPB80bhPQwAKqBWVer887figW6Jc=
github.com/aws/aws-sdk-go-v2/service/internal/accept-encoding v1.12.4/go.mod h1:/xFi9KtvBXP97ppCz1TAEvU1Uf66qvid89rbem3wCzQ=
github.com/aws/aws-sdk-go-v2/service/internal/checksum v1.7.4 h1:nAP2GYbfh8dd2zGZqFRSMlq+/F6cMPBUuCsGAMkN074=
github.com/aws/aws-sdk-go-v2/service/internal/checksum v1.7.4/go.mod h1:LT10DsiGjLWh4GbjInf9LQejkYEhBgBCjLG5+lvk4EE=
github.com/aws/aws-sdk-go-v2/service/internal/presigned-url v1.12.17 h1:t0E6FzREdtCsiLIoLCWsYliNsRBgyGD/MCK571qk4MI=
github.com/aws/aws-sdk-go-v2/service/internal/presigned-url v1.12.17/go.mod h1:ygpklyoaypuyDvOM5ujWGrYWpAK3h7ugnmKCU/76Ys4=
github.com/aws/aws-sdk-go-v2/service/internal/s3shared v1.18.17 h1:qcLWgdhq45sDM9na4cvXax9dyLitn8EYBRl8Ak4XtG4=
github.com/aws/aws-sdk-go-v2/service/internal/s3shared v1.18.17/go.mod h1:M+jkjBFZ2J6DJrjMv2+vkBbuht6kxJYtJiwoVgX4p4U=
github.com/aws/aws-sdk-go-v2/service/s3 v1.84.0 h1:0reDqfEN+tB+sozj2r92Bep8MEwBZgtAXTND1Kk9OXg=
github.com/aws/aws-sdk-go-v2/service/s3 v1.84.0/go.mod h1:kUklwasNoCn5YpyAqC/97r6dzTA1SRKJfKq16SXeoDU=
github.com/aws/smithy-go v1.22.4 h1:uqXzVZNuNexwc/xrh6Tb56u89WDlJY6HS+KC0S4QSjw=
github.com/aws/smithy-go v1.22.4/go.mod h1:t1ufH5HMublsJYulve2RKmHDC15xu1f26kHCp/HgceI=
github.com/go-logr/logr v1.4.2 h1:6pFjapn8bFcIbiKo3XT4j/BhANplGihG6tvd+8rYgrY=
github.com/go-logr/logr v1.4.2/go.mod h1:9T104GzyrTigFIr8wt5mBrctHMim0Nb2HLGrmQ40KvY=
github.com/go-task/slim-sprig/v3 v3.0.0 h1:sUs3vkvUymDpBKi3qH1YSqBQk9+9D/8M2mN1vB6EwHI=
github.com/go-task/slim-sprig/v3 v3.0.0/go.mod h1:W848ghGpv3Qj3dhTPRyJypKRiqCdHZiAzKg9hl15HA8=
github.com/google/go-cmp v0.7.0 h1:wk8382ETsv4JYUZwIsn6YpYiWiBsYLSJiTsyBybVuN8=
github.com/google/go-cmp v0.7.0/go.mod h1:pXiqmnSA92OHEEa9HXL2W4E7lf9JzCmGVUdgjX3N/iU=
github.com/google/pprof v0.0.0-20241210010833-40e02aabc2ad h1:a6HEuzUHeKH6hwfN/ZoQgRgVIWFJljSWa/zetS2WTvg=
github.com/google/pprof v0.0.0-20241210010833-40e02aabc2ad/go.mod h1:vavhavw2zAxS5dIdcRluK6cSGGPlZynqzFM8NdvU144=
github.com/oklog/ulid/v2 v2.1.1 h1:suPZ4ARWLOJLegGFiZZ1dFAkqzhMjL3J1TzI+5wHz8s=
github.com/oklog/ulid/v2 v2.1.1/go.mod h1:rcEKHmBBKfef9DhnvX7y1HZBYxjXb0cP5ExxNsTT1QQ=
github.com/onsi/ginkgo/v2 v2.23.3 h1:edHxnszytJ4lD9D5Jjc4tiDkPBZ3siDeJJkUZJJVkp0=
github.com/onsi/ginkgo/v2 v2.23.3/go.mod h1:zXTP6xIp3U8aVuXN8ENK9IXRaTjFnpVB9mGmaSRvxnM=
github.com/onsi/gomega v1.37.0 h1:CdEG8g0S133B4OswTDC/5XPSzE1OeP29QOioj2PID2Y=
github.com/onsi/gomega v1.37.0/go.mod h1:8D9+Txp43QWKhM24yyOBEdpkzN8FvJyAwecBgsU4KU0=
github.com/pborman/getopt v0.0.0-20170112200414-7148bc3a4c30/go.mod h1:85jBQOZwpVEaDAr341tbn15RS4fCAsIst0qp7i8ex1o=
go.uber.org/mock v0.5.2 h1:LbtPTcP8A5k9WPXj54PPPbjcI4Y6lhyOZXn+VS7wNko=
go.uber.org/mock v0.5.2/go.mod h1:wLlUxC2vVTPTaE3UD51E0BGOAElKrILxhVSDYQLld5o=
golang.org/x/net v0.38.0 h1:vRMAPTMaeGqVhG5QyLJHqNDwecKTomGeqbnfZyKlBI8=
golang.org/x/net v0.38.0/go.mod h1:ivrbrMbzFq5J41QOQh0siUuly180yBYtLp+CKbEaFx8=
golang.org/x/sys v0.31.0 h1:ioabZlmFYtWhL+TRYpcnNlLwhyxaM9kWTDEmfnprqik=
golang.org/x/sys v0.31.0/go.mod h1:BJP2sWEmIv4KK5OTEluFJCKSidICx8ciO85XgH3Ak8k=
golang.org/x/text v0.23.0 h1:D71I7dUrlY+VX0gQShAThNGHFxZ13dGLBHQLVl1mJlY=
golang.org/x/text v0.23.0/go.mod h1:/BLNzu4aZCJ1+kcD0DNRotWKage4q2rGVAg4o22unh4=
golang.org/x/tools v0.30.0 h1:BgcpHewrV5AUp2G9MebG4XPFI1E2W41zU1SaqVA9vJY=
golang.org/x/tools v0.30.0/go.mod h1:c347cR/OJfw5TI+GfX7RUPNMdDRRbjvYTS0jPyvsVtY=
gopkg.in/check.v1 v0.0.0-20161208181325-20d25e280405 h1:yhCVgyC4o1eVCa2tZl7eS0r+SDo693bJlVdllGtEeKM=
gopkg.in/check.v1 v0.0.0-20161208181325-20d25e280405/go.mod h1:Co6ibVJAznAaIkqp8huTwlJQCZ016jof/cbN4VW5Yz0=
gopkg.in/yaml.v3 v3.0.1 h1:fxVm/GzAzEWqLHuvctI91KS9hhNmmWOoWu0XTYJS7CA=
gopkg.in/yaml.v3 v3.0.1/go.mod h1:K4uyk7z7BCEPqu6E+C64Yfv1cQ7kz7rIZviUmN+EgEM=
